
Microsoft Visual Studio Solution File, Format Version 12.00
# Visual Studio Version 17
VisualStudioVersion = 17.11.35327.3
MinimumVisualStudioVersion = 10.0.40219.1
Project("{9A19103F-16F7-4668-BE54-9A1E7A4F7556}") = "Types", "Types\Types.csproj", "{CBD8EC94-8BC1-4A52-AD8F-1E4D63C1404A}"
EndProject
Project("{9A19103F-16F7-4668-BE54-9A1E7A4F7556}") = "Arrays", "Arrays\Arrays.csproj", "{C0E6279A-DCDF-4F7D-B643-9C32EBD22549}"
EndProject
Project("{FAE04EC0-301F-11D3-BF4B-00C04F79EFBC}") = "Arraylist", "Arraylist\Arraylist.csproj", "{5FFD3E9E-80A4-44CF-A7AC-BCE999594532}"
EndProject
Project("{FAE04EC0-301F-11D3-BF4B-00C04F79EFBC}") = "GenericClasses", "GenericClasses\GenericClasses.csproj", "{9F0A77FD-0A28-40FC-AC28-569ABF5FB398}"
EndProject
Project("{FAE04EC0-301F-11D3-BF4B-00C04F79EFBC}") = "Classes", "Classes\Classes.csproj", "{16C95B60-528B-4D00-ACE1-0221F4E78CC9}"
EndProject
Global
	GlobalSection(SolutionConfigurationPlatforms) = preSolution
		Debug|Any CPU = Debug|Any CPU
		Release|Any CPU = Release|Any CPU
	EndGlobalSection
	GlobalSection(ProjectConfigurationPlatforms) = postSolution
		{CBD8EC94-8BC1-4A52-AD8F-1E4D63C1404A}.Debug|Any CPU.ActiveCfg = Debug|Any CPU
		{CBD8EC94-8BC1-4A52-AD8F-1E4D63C1404A}.Debug|Any CPU.Build.0 = Debug|Any CPU
		{CBD8EC94-8BC1-4A52-AD8F-1E4D63C1404A}.Release|Any CPU.ActiveCfg = Release|Any CPU
		{CBD8EC94-8BC1-4A52-AD8F-1E4D63C1404A}.Release|Any CPU.Build.0 = Release|Any CPU
		{C0E6279A-DCDF-4F7D-B643-9C32EBD22549}.Debug|Any CPU.ActiveCfg = Debug|Any CPU
		{C0E6279A-DCDF-4F7D-B643-9C32EBD22549}.Debug|Any CPU.Build.0 = Debug|Any CPU
		{C0E6279A-DCDF-4F7D-B643-9C32EBD22549}.Release|Any CPU.ActiveCfg = Release|Any CPU
		{C0E6279A-DCDF-4F7D-B643-9C32EBD22549}.Release|Any CPU.Build.0 = Release|Any CPU
		{5FFD3E9E-80A4-44CF-A7AC-BCE999594532}.Debug|Any CPU.ActiveCfg = Debug|Any CPU
		{5FFD3E9E-80A4-44CF-A7AC-BCE999594532}.Debug|Any CPU.Build.0 = Debug|Any CPU
		{5FFD3E9E-80A4-44CF-A7AC-BCE999594532}.Release|Any CPU.ActiveCfg = Release|Any CPU
		{5FFD3E9E-80A4-44CF-A7AC-BCE999594532}.Release|Any CPU.Build.0 = Release|Any CPU
		{9F0A77FD-0A28-40FC-AC28-569ABF5FB398}.Debug|Any CPU.ActiveCfg = Debug|Any CPU
		{9F0A77FD-0A28-40FC-AC28-569ABF5FB398}.Debug|Any CPU.Build.0 = Debug|Any CPU
		{9F0A77FD-0A28-40FC-AC28-569ABF5FB398}.Release|Any CPU.ActiveCfg = Release|Any CPU
		{9F0A77FD-0A28-40FC-AC28-569ABF5FB398}.Release|Any CPU.Build.0 = Release|Any CPU
		{16C95B60-528B-4D00-ACE1-0221F4E78CC9}.Debug|Any CPU.ActiveCfg = Debug|Any CPU
		{16C95B60-528B-4D00-ACE1-0221F4E78CC9}.Debug|Any CPU.Build.0 = Debug|Any CPU
		{16C95B60-528B-4D00-ACE1-0221F4E78CC9}.Release|Any CPU.ActiveCfg = Release|Any CPU
		{16C95B60-528B-4D00-ACE1-0221F4E78CC9}.Release|Any CPU.Build.0 = Release|Any CPU
	EndGlobalSection
	GlobalSection(SolutionProperties) = preSolution
		HideSolutionNode = FALSE
	EndGlobalSection
	GlobalSection(ExtensibilityGlobals) = postSolution
		SolutionGuid = {95422FEB-31DA-4DAD-9933-BB26653695E7}
	EndGlobalSection
EndGlobal
